{
    "containers": {
        "done": {
            "hash": "3477640750573550120",
            "last_run": 1772268674
        },
        "main": {
            "hash": "9479917898817813962",
            "last_run": 1772272704
        },
        "main2s": {
            "hash": "299259249935073037",
            "last_run": 1772272704
        },
        "popup_intro": {
            "hash": "4372729697362316005",
            "last_run": 1772268674
        }
    },
    "variables": {
        "x": {
            "content": "print \"hello world\"",
            "hash": "3608207708407598937"
        },
        "z": {
            "content": "2",
            "hash": "4551451650890805270"
        }
    }
}