{
    "containers": {
        "Calculator": {
            "hash": "3345952013380072620",
            "last_run": 1772526633
        },
        "Calculator1": {
            "hash": "1758970379191131261",
            "last_run": 1772526633
        },
        "MainFunction": {
            "hash": "17921377416490247718",
            "last_run": 1772526633
        },
        "done": {
            "hash": "3477640750573550120",
            "last_run": 1772268674
        },
        "execute_plan": {
            "hash": "14153986140698432483",
            "last_run": 1772614560
        },
        "main": {
            "hash": "9479917898817813962",
            "last_run": 1772272704
        },
        "main2s": {
            "hash": "299259249935073037",
            "last_run": 1772272704
        },
        "popup_intro": {
            "hash": "4372729697362316005",
            "last_run": 1772268674
        }
    },
    "variables": {
        "x": {
            "content": "print \"hello world\"",
            "hash": "3608207708407598937"
        }
    }
}