{
    "containers": {
        "experiments__PATH_A_patha_control_glp_testcont": {
            "hash": "10110729284704681014",
            "last_run": 1773727545
        },
        "experiments__PATH_A_patha_glp_testcont": {
            "hash": "10110729284704681014",
            "last_run": 1773727409
        }
    },
    "variables": {}
}