{
    "CHANGELOG.md": "011dcf440add3f17",
    "install.ps1": "bd3da217914cf43d",
    "install.sh": "42fa246446cd59e1",
    "src/README.md": "0862c3275854d560",
    "src/ai.hpp": "16aa96af13e383ea",
    "src/ast.hpp": "18adb9457f13cca4",
    "src/ast_utils.hpp": "dae3a0e2c1b96e75",
    "src/cache.hpp": "81623e5ed059340b",
    "src/common.hpp": "0a6905c8cb3108cb",
    "src/config.hpp": "5c772497487b6de0",
    "src/glupe.l": "d72cc02866e283ba",
    "src/glupe.y": "030f39b4bea51cb8",
    "src/glupec.cpp": "9e98b50ac39a82f3",
    "src/hub.hpp": "6b35fcb7e478badd",
    "src/languages.hpp": "92efe77ce52ac818",
    "src/parser.hpp": "3bdf8371989c6dfe",
    "src/parser_test.cpp": "dfebb50943cb4502",
    "src/processor.hpp": "6510eb93acc6fc4e",
    "src/test.cpp": "fcecf86691500ed7",
    "src/utils.hpp": "78bc83c9b500623b",
    "update.ps1": "0a76c6564f2d6deb",
    "update.sh": "b43cdab646631083"
}