{
    "CHANGELOG.md": "26f018ea44006791",
    "install.ps1": "f585588e50fb694a",
    "install.sh": "919655922386a551",
    "src/ai.hpp": "16aa96af13e383ea",
    "src/ast.hpp": "18adb9457f13cca4",
    "src/ast_utils.hpp": "dae3a0e2c1b96e75",
    "src/cache.hpp": "81623e5ed059340b",
    "src/common.hpp": "1c87d7c8d5ae2f59",
    "src/config.hpp": "5c772497487b6de0",
    "src/glupe.l": "d72cc02866e283ba",
    "src/glupe.y": "030f39b4bea51cb8",
    "src/glupec.cpp": "455c1bb2b4679410",
    "src/hub.hpp": "6b35fcb7e478badd",
    "src/languages.hpp": "e062a3af94dbb421",
    "src/parser.hpp": "3bdf8371989c6dfe",
    "src/parser_test.cpp": "dfebb50943cb4502",
    "src/processor.hpp": "5105e710c1b047c4",
    "src/test.cpp": "fcecf86691500ed7",
    "src/utils.hpp": "78bc83c9b500623b",
    "update.ps1": "8d5931e58a93e7ee",
    "update.sh": "0024129752a27b97"
}